
Microsoft Visual Studio Solution File, Format Version 12.00
# Visual Studio Version 17
VisualStudioVersion = 17.8.34330.188
MinimumVisualStudioVersion = 10.0.40219.1
Project("{FAE04EC0-301F-11D3-BF4B-00C04F79EFBC}") = "ProjecteFinal", "ProjecteFinal.csproj", "{FEF74DC9-5AC5-43D4-9679-4527A2E003FC}"
EndProject
Global
	GlobalSection(SolutionConfigurationPlatforms) = preSolution
		Debug|Any CPU = Debug|Any CPU
		Release|Any CPU = Release|Any CPU
	EndGlobalSection
	GlobalSection(ProjectConfigurationPlatforms) = postSolution
		{FEF74DC9-5AC5-43D4-9679-4527A2E003FC}.Debug|Any CPU.ActiveCfg = Debug|Any CPU
		{FEF74DC9-5AC5-43D4-9679-4527A2E003FC}.Debug|Any CPU.Build.0 = Debug|Any CPU
		{FEF74DC9-5AC5-43D4-9679-4527A2E003FC}.Debug|Any CPU.Deploy.0 = Debug|Any CPU
		{FEF74DC9-5AC5-43D4-9679-4527A2E003FC}.Release|Any CPU.ActiveCfg = Release|Any CPU
		{FEF74DC9-5AC5-43D4-9679-4527A2E003FC}.Release|Any CPU.Build.0 = Release|Any CPU
		{FEF74DC9-5AC5-43D4-9679-4527A2E003FC}.Release|Any CPU.Deploy.0 = Release|Any CPU
	EndGlobalSection
	GlobalSection(SolutionProperties) = preSolution
		HideSolutionNode = FALSE
	EndGlobalSection
	GlobalSection(ExtensibilityGlobals) = postSolution
		SolutionGuid = {826E1A72-295E-4E05-9ED2-3C9B07994F2A}
	EndGlobalSection
EndGlobal
